# This file is automatically @generated by Cargo.
# It is not intended for manual editing.
version = 4

[[package]]
name = "evreos-engine"
version = "0.0.0"

[[package]]
name = "evreos-engine-headless"
version = "0.0.0"
dependencies = [
 "evreos-engine",
]

[[package]]
name = "evreos-shell"
version = "0.0.0"
dependencies = [
 "evreos-engine",
 "evreos-engine-headless",
]
